
Microsoft Visual Studio Solution File, Format Version 9.00
# Visual Studio 2005
Project("{FAE04EC0-301F-11D3-BF4B-00C04F79EFBC}") = "SysStartCheckUser", "SysStartCheckUser.csproj", "{259D6079-2381-434C-BCA6-D4CAB432BFAE}"
EndProject
Global
	GlobalSection(SolutionConfigurationPlatforms) = preSolution
		Debug|Any CPU = Debug|Any CPU
		Release|Any CPU = Release|Any CPU
	EndGlobalSection
	GlobalSection(ProjectConfigurationPlatforms) = postSolution
		{259D6079-2381-434C-BCA6-D4CAB432BFAE}.Debug|Any CPU.ActiveCfg = Release|Any CPU
		{259D6079-2381-434C-BCA6-D4CAB432BFAE}.Debug|Any CPU.Build.0 = Release|Any CPU
		{259D6079-2381-434C-BCA6-D4CAB432BFAE}.Release|Any CPU.ActiveCfg = Release|Any CPU
		{259D6079-2381-434C-BCA6-D4CAB432BFAE}.Release|Any CPU.Build.0 = Release|Any CPU
	EndGlobalSection
	GlobalSection(SolutionProperties) = preSolution
		HideSolutionNode = FALSE
	EndGlobalSection
EndGlobal
