
Microsoft Visual Studio Solution File, Format Version 9.00
# Visual Studio 2005
Project("{FAE04EC0-301F-11D3-BF4B-00C04F79EFBC}") = "Magic Farm", "Magic Farm\Magic Farm.csproj", "{B94701CA-1283-45AA-80D2-DA3EF4F4EB9F}"
EndProject
Global
	GlobalSection(SolutionConfigurationPlatforms) = preSolution
		Debug|Any CPU = Debug|Any CPU
		Release|Any CPU = Release|Any CPU
	EndGlobalSection
	GlobalSection(ProjectConfigurationPlatforms) = postSolution
		{B94701CA-1283-45AA-80D2-DA3EF4F4EB9F}.Debug|Any CPU.ActiveCfg = Debug|Any CPU
		{B94701CA-1283-45AA-80D2-DA3EF4F4EB9F}.Debug|Any CPU.Build.0 = Debug|Any CPU
		{B94701CA-1283-45AA-80D2-DA3EF4F4EB9F}.Release|Any CPU.ActiveCfg = Release|Any CPU
		{B94701CA-1283-45AA-80D2-DA3EF4F4EB9F}.Release|Any CPU.Build.0 = Release|Any CPU
	EndGlobalSection
	GlobalSection(SolutionProperties) = preSolution
		HideSolutionNode = FALSE
	EndGlobalSection
EndGlobal
