
Microsoft Visual Studio Solution File, Format Version 10.00
# Visual Studio 2008
Project("{FAE04EC0-301F-11D3-BF4B-00C04F79EFBC}") = "QQRobot_InterFace", "QQRobot_InterFace\QQRobot_InterFace.csproj", "{73716814-8DAE-4B3A-9393-DCAFDC695357}"
EndProject
Global
	GlobalSection(SolutionConfigurationPlatforms) = preSolution
		Debug|Any CPU = Debug|Any CPU
		Release|Any CPU = Release|Any CPU
	EndGlobalSection
	GlobalSection(ProjectConfigurationPlatforms) = postSolution
		{73716814-8DAE-4B3A-9393-DCAFDC695357}.Debug|Any CPU.ActiveCfg = Debug|Any CPU
		{73716814-8DAE-4B3A-9393-DCAFDC695357}.Debug|Any CPU.Build.0 = Debug|Any CPU
		{73716814-8DAE-4B3A-9393-DCAFDC695357}.Release|Any CPU.ActiveCfg = Release|Any CPU
		{73716814-8DAE-4B3A-9393-DCAFDC695357}.Release|Any CPU.Build.0 = Release|Any CPU
	EndGlobalSection
	GlobalSection(SolutionProperties) = preSolution
		HideSolutionNode = FALSE
	EndGlobalSection
EndGlobal
