
Microsoft Visual Studio Solution File, Format Version 9.00
# Visual Studio 2005
Project("{FAE04EC0-301F-11D3-BF4B-00C04F79EFBC}") = "TB_ClickIt", "TB_ClickIt\TB_ClickIt.csproj", "{469D931B-E8EC-4FEE-9AE0-DD79ADF6C77E}"
EndProject
Global
	GlobalSection(SolutionConfigurationPlatforms) = preSolution
		Debug|Any CPU = Debug|Any CPU
		Release|Any CPU = Release|Any CPU
	EndGlobalSection
	GlobalSection(ProjectConfigurationPlatforms) = postSolution
		{469D931B-E8EC-4FEE-9AE0-DD79ADF6C77E}.Debug|Any CPU.ActiveCfg = Debug|Any CPU
		{469D931B-E8EC-4FEE-9AE0-DD79ADF6C77E}.Debug|Any CPU.Build.0 = Debug|Any CPU
		{469D931B-E8EC-4FEE-9AE0-DD79ADF6C77E}.Release|Any CPU.ActiveCfg = Release|Any CPU
		{469D931B-E8EC-4FEE-9AE0-DD79ADF6C77E}.Release|Any CPU.Build.0 = Release|Any CPU
	EndGlobalSection
	GlobalSection(SolutionProperties) = preSolution
		HideSolutionNode = FALSE
	EndGlobalSection
EndGlobal
