
Microsoft Visual Studio Solution File, Format Version 11.00
# Visual Studio 2010
Project("{FAE04EC0-301F-11D3-BF4B-00C04F79EFBC}") = "TcpSocket", "TcpSocket\TcpSocket.csproj", "{7F133434-5F23-4093-A16C-E7122E9EAE28}"
EndProject
Project("{FAE04EC0-301F-11D3-BF4B-00C04F79EFBC}") = "SA_Client", "SA_Client\SA_Client.csproj", "{6942235A-EEBF-4AFA-874B-4B6D84DBDD8C}"
EndProject
Global
	GlobalSection(SolutionConfigurationPlatforms) = preSolution
		Debug|Any CPU = Debug|Any CPU
		Debug|Mixed Platforms = Debug|Mixed Platforms
		Debug|x86 = Debug|x86
		Release|Any CPU = Release|Any CPU
		Release|Mixed Platforms = Release|Mixed Platforms
		Release|x86 = Release|x86
	EndGlobalSection
	GlobalSection(ProjectConfigurationPlatforms) = postSolution
		{7F133434-5F23-4093-A16C-E7122E9EAE28}.Debug|Any CPU.ActiveCfg = Debug|Any CPU
		{7F133434-5F23-4093-A16C-E7122E9EAE28}.Debug|Any CPU.Build.0 = Debug|Any CPU
		{7F133434-5F23-4093-A16C-E7122E9EAE28}.Debug|Mixed Platforms.ActiveCfg = Debug|Any CPU
		{7F133434-5F23-4093-A16C-E7122E9EAE28}.Debug|Mixed Platforms.Build.0 = Debug|Any CPU
		{7F133434-5F23-4093-A16C-E7122E9EAE28}.Debug|x86.ActiveCfg = Debug|Any CPU
		{7F133434-5F23-4093-A16C-E7122E9EAE28}.Release|Any CPU.ActiveCfg = Release|Any CPU
		{7F133434-5F23-4093-A16C-E7122E9EAE28}.Release|Any CPU.Build.0 = Release|Any CPU
		{7F133434-5F23-4093-A16C-E7122E9EAE28}.Release|Mixed Platforms.ActiveCfg = Release|Any CPU
		{7F133434-5F23-4093-A16C-E7122E9EAE28}.Release|Mixed Platforms.Build.0 = Release|Any CPU
		{7F133434-5F23-4093-A16C-E7122E9EAE28}.Release|x86.ActiveCfg = Release|Any CPU
		{6942235A-EEBF-4AFA-874B-4B6D84DBDD8C}.Debug|Any CPU.ActiveCfg = Debug|x86
		{6942235A-EEBF-4AFA-874B-4B6D84DBDD8C}.Debug|Mixed Platforms.ActiveCfg = Debug|x86
		{6942235A-EEBF-4AFA-874B-4B6D84DBDD8C}.Debug|Mixed Platforms.Build.0 = Debug|x86
		{6942235A-EEBF-4AFA-874B-4B6D84DBDD8C}.Debug|x86.ActiveCfg = Debug|x86
		{6942235A-EEBF-4AFA-874B-4B6D84DBDD8C}.Debug|x86.Build.0 = Debug|x86
		{6942235A-EEBF-4AFA-874B-4B6D84DBDD8C}.Release|Any CPU.ActiveCfg = Release|x86
		{6942235A-EEBF-4AFA-874B-4B6D84DBDD8C}.Release|Mixed Platforms.ActiveCfg = Release|x86
		{6942235A-EEBF-4AFA-874B-4B6D84DBDD8C}.Release|Mixed Platforms.Build.0 = Release|x86
		{6942235A-EEBF-4AFA-874B-4B6D84DBDD8C}.Release|x86.ActiveCfg = Release|x86
		{6942235A-EEBF-4AFA-874B-4B6D84DBDD8C}.Release|x86.Build.0 = Release|x86
	EndGlobalSection
	GlobalSection(SolutionProperties) = preSolution
		HideSolutionNode = FALSE
	EndGlobalSection
EndGlobal
