
Microsoft Visual Studio Solution File, Format Version 11.00
# Visual Studio 2010
Project("{FAE04EC0-301F-11D3-BF4B-00C04F79EFBC}") = "ConsoleApplication1", "ConsoleApplication1\ConsoleApplication1.csproj", "{87E942C2-96EF-418B-8F4F-725430A74C4F}"
EndProject
Project("{FAE04EC0-301F-11D3-BF4B-00C04F79EFBC}") = "LFNet.QQ", "LFNet.QQ\LFNet.QQ.csproj", "{4034AB54-3327-429A-91A9-2B0370A1D697}"
EndProject
Project("{FAE04EC0-301F-11D3-BF4B-00C04F79EFBC}") = "LFNet.QQ.Robot.Service", "LFNet.QQ.Robot.Service\LFNet.QQ.Robot.Service.csproj", "{7D12C092-2A81-48BE-9D91-8F661EFF76D5}"
EndProject
Project("{FAE04EC0-301F-11D3-BF4B-00C04F79EFBC}") = "LFNet.Robot", "LFNet.Robot\LFNet.Robot.csproj", "{ACDEE8CE-D6E2-49ED-B1FD-02C90F357953}"
EndProject
Global
	GlobalSection(SolutionConfigurationPlatforms) = preSolution
		Debug|Any CPU = Debug|Any CPU
		Release|Any CPU = Release|Any CPU
		Robot|Any CPU = Robot|Any CPU
	EndGlobalSection
	GlobalSection(ProjectConfigurationPlatforms) = postSolution
		{87E942C2-96EF-418B-8F4F-725430A74C4F}.Debug|Any CPU.ActiveCfg = Debug|Any CPU
		{87E942C2-96EF-418B-8F4F-725430A74C4F}.Debug|Any CPU.Build.0 = Debug|Any CPU
		{87E942C2-96EF-418B-8F4F-725430A74C4F}.Release|Any CPU.ActiveCfg = Release|Any CPU
		{87E942C2-96EF-418B-8F4F-725430A74C4F}.Release|Any CPU.Build.0 = Release|Any CPU
		{87E942C2-96EF-418B-8F4F-725430A74C4F}.Robot|Any CPU.ActiveCfg = Robot|Any CPU
		{87E942C2-96EF-418B-8F4F-725430A74C4F}.Robot|Any CPU.Build.0 = Robot|Any CPU
		{4034AB54-3327-429A-91A9-2B0370A1D697}.Debug|Any CPU.ActiveCfg = Debug|Any CPU
		{4034AB54-3327-429A-91A9-2B0370A1D697}.Debug|Any CPU.Build.0 = Debug|Any CPU
		{4034AB54-3327-429A-91A9-2B0370A1D697}.Release|Any CPU.ActiveCfg = Release|Any CPU
		{4034AB54-3327-429A-91A9-2B0370A1D697}.Release|Any CPU.Build.0 = Release|Any CPU
		{4034AB54-3327-429A-91A9-2B0370A1D697}.Robot|Any CPU.ActiveCfg = Robot|Any CPU
		{4034AB54-3327-429A-91A9-2B0370A1D697}.Robot|Any CPU.Build.0 = Robot|Any CPU
		{7D12C092-2A81-48BE-9D91-8F661EFF76D5}.Debug|Any CPU.ActiveCfg = Debug|Any CPU
		{7D12C092-2A81-48BE-9D91-8F661EFF76D5}.Debug|Any CPU.Build.0 = Debug|Any CPU
		{7D12C092-2A81-48BE-9D91-8F661EFF76D5}.Release|Any CPU.ActiveCfg = Release|Any CPU
		{7D12C092-2A81-48BE-9D91-8F661EFF76D5}.Release|Any CPU.Build.0 = Release|Any CPU
		{7D12C092-2A81-48BE-9D91-8F661EFF76D5}.Robot|Any CPU.ActiveCfg = Robot|Any CPU
		{7D12C092-2A81-48BE-9D91-8F661EFF76D5}.Robot|Any CPU.Build.0 = Robot|Any CPU
		{ACDEE8CE-D6E2-49ED-B1FD-02C90F357953}.Debug|Any CPU.ActiveCfg = Debug|Any CPU
		{ACDEE8CE-D6E2-49ED-B1FD-02C90F357953}.Debug|Any CPU.Build.0 = Debug|Any CPU
		{ACDEE8CE-D6E2-49ED-B1FD-02C90F357953}.Release|Any CPU.ActiveCfg = Release|Any CPU
		{ACDEE8CE-D6E2-49ED-B1FD-02C90F357953}.Release|Any CPU.Build.0 = Release|Any CPU
		{ACDEE8CE-D6E2-49ED-B1FD-02C90F357953}.Robot|Any CPU.ActiveCfg = Robot|Any CPU
		{ACDEE8CE-D6E2-49ED-B1FD-02C90F357953}.Robot|Any CPU.Build.0 = Robot|Any CPU
	EndGlobalSection
	GlobalSection(SolutionProperties) = preSolution
		HideSolutionNode = FALSE
	EndGlobalSection
	GlobalSection(SubversionScc) = preSolution
		Svn-Managed = True
		Manager = AnkhSVN - Subversion Support for Visual Studio
	EndGlobalSection
EndGlobal
