
Microsoft Visual Studio Solution File, Format Version 10.00
# Visual Studio 2008
Project("{FAE04EC0-301F-11D3-BF4B-00C04F79EFBC}") = "Test_VS2008", "Test_VS2008\Test_VS2008.csproj", "{019AD6A6-F729-4257-B825-340C1F660FDA}"
EndProject
Project("{FAE04EC0-301F-11D3-BF4B-00C04F79EFBC}") = "MailLogin_126", "MailLogin_126\MailLogin_126.csproj", "{A3B93DE0-397B-4521-B952-ECA59121D613}"
EndProject
Project("{FAE04EC0-301F-11D3-BF4B-00C04F79EFBC}") = "SystemMonitor", "SystemMonitor\SystemMonitor.csproj", "{9012E60A-F79F-4F0F-8AC4-692DB6ECE89C}"
EndProject
Project("{FAE04EC0-301F-11D3-BF4B-00C04F79EFBC}") = "模拟点击", "模拟点击\模拟点击.csproj", "{17E80702-2C94-4280-976C-D79EDE6DB773}"
EndProject
Project("{FAE04EC0-301F-11D3-BF4B-00C04F79EFBC}") = "登录注销监控", "登录注销监控\登录注销监控.csproj", "{F922BEC9-B80C-453B-B030-650EAB404422}"
EndProject
Project("{FAE04EC0-301F-11D3-BF4B-00C04F79EFBC}") = "DZ顶贴机X2", "DZ顶贴机X2\DZ顶贴机X2.csproj", "{DEDCF42D-D98F-4846-A011-17BF3BCF746C}"
EndProject
Project("{FAE04EC0-301F-11D3-BF4B-00C04F79EFBC}") = "备份机文件删除", "备份机文件删除\备份机文件删除.csproj", "{418FECE6-2EC6-43AD-8CCD-79E4CF764B40}"
EndProject
Project("{FAE04EC0-301F-11D3-BF4B-00C04F79EFBC}") = "WMI远程调用", "WMI远程调用\WMI远程调用.csproj", "{1BA943E7-B441-4AEF-8E87-8FC5F47C15DE}"
EndProject
Project("{FAE04EC0-301F-11D3-BF4B-00C04F79EFBC}") = "谷歌日历操作", "谷歌日历操作\谷歌日历操作.csproj", "{A8162360-BCC1-4AA5-9A40-D4C6DA8A99A2}"
EndProject
Project("{FAE04EC0-301F-11D3-BF4B-00C04F79EFBC}") = "委托测试001", "委托测试001\委托测试001.csproj", "{B410F748-712A-47C7-9459-F7F7312A1B1B}"
EndProject
Project("{FAE04EC0-301F-11D3-BF4B-00C04F79EFBC}") = "优酷刷顶器", "优酷刷顶器\优酷刷顶器.csproj", "{695E662C-690E-41F0-ACE8-643151D3E33C}"
EndProject
Project("{FAE04EC0-301F-11D3-BF4B-00C04F79EFBC}") = "优酷关键词排行", "优酷关键词排行\优酷关键词排行.csproj", "{E3B74119-FF6A-4E01-B2A1-AA6B76CB3BCF}"
EndProject
Project("{FAE04EC0-301F-11D3-BF4B-00C04F79EFBC}") = "土豆视频刷顶器", "土豆视频刷顶器\土豆视频刷顶器.csproj", "{DC23579B-07B1-40FB-9662-79506149BE27}"
EndProject
Project("{FAE04EC0-301F-11D3-BF4B-00C04F79EFBC}") = "webBrowser测试", "webBrowser测试\webBrowser测试.csproj", "{47E7E86A-6691-462F-BE6E-4BBF969D1ABB}"
EndProject
Project("{FAE04EC0-301F-11D3-BF4B-00C04F79EFBC}") = "小狗秒杀", "小狗秒杀\小狗秒杀.csproj", "{A6506E4D-E3F1-4434-A7DD-23F3C3AD4C82}"
EndProject
Project("{FAE04EC0-301F-11D3-BF4B-00C04F79EFBC}") = "淘宝投票", "淘宝投票\淘宝投票.csproj", "{40F8ADA4-DA9A-43A7-A439-CF4F8E75108A}"
EndProject
Project("{FAE04EC0-301F-11D3-BF4B-00C04F79EFBC}") = "Chuisax顶贴机", "Chuisax顶贴机\Chuisax顶贴机.csproj", "{03B4A5A7-5979-4641-9EFD-D2D145B3F289}"
EndProject
Project("{FAE04EC0-301F-11D3-BF4B-00C04F79EFBC}") = "领取淘金币", "领取淘金币\领取淘金币.csproj", "{F9480E21-97A2-4DD8-B257-F96ED477B6D6}"
EndProject
Project("{FAE04EC0-301F-11D3-BF4B-00C04F79EFBC}") = "猫扑WEB领取MOP币", "猫扑WEB领取MOP币\猫扑WEB领取MOP币.csproj", "{622C970D-1B01-41EB-BF65-A970F599F32C}"
EndProject
Project("{FAE04EC0-301F-11D3-BF4B-00C04F79EFBC}") = "邮件发送测试", "邮件发送测试\邮件发送测试.csproj", "{A291320E-EA31-4532-B50F-CA09E4728982}"
EndProject
Project("{FAE04EC0-301F-11D3-BF4B-00C04F79EFBC}") = "IIS控制测试", "IIS控制测试\IIS控制测试.csproj", "{AEA255EB-220C-4B99-AF72-1D8AB975CD51}"
EndProject
Project("{FAE04EC0-301F-11D3-BF4B-00C04F79EFBC}") = "添加删除修改windows用户测试", "添加删除修改windows用户测试\添加删除修改windows用户测试.csproj", "{38C26471-CB3F-4582-9622-386E76F0247C}"
EndProject
Project("{FAE04EC0-301F-11D3-BF4B-00C04F79EFBC}") = "Socket接收HTTP请求", "Socket接收HTTP请求\Socket接收HTTP请求.csproj", "{FE9425BE-36A7-4066-9195-71381579AF35}"
EndProject
Project("{FAE04EC0-301F-11D3-BF4B-00C04F79EFBC}") = "WebFetion", "WebFetion\WebFetion.csproj", "{09934297-398B-4B24-AE26-E92E68AAB85A}"
EndProject
Project("{FAE04EC0-301F-11D3-BF4B-00C04F79EFBC}") = "CtalkRobot", "GtalkRobot\CtalkRobot.csproj", "{9BC3085F-75A2-427A-9B1D-49AD18A3B622}"
EndProject
Project("{FAE04EC0-301F-11D3-BF4B-00C04F79EFBC}") = "多线程测试", "多线程测试\多线程测试.csproj", "{9B9C8A1A-6713-43AE-A85B-D6A7B3C8BFB7}"
EndProject
Project("{FAE04EC0-301F-11D3-BF4B-00C04F79EFBC}") = "ListView_Test", "ListView_Test\ListView_Test.csproj", "{812F810D-F417-48DE-A044-A25D235204FE}"
EndProject
Project("{FAE04EC0-301F-11D3-BF4B-00C04F79EFBC}") = "Console-ERRORLEVEL-test", "Console-ERRORLEVEL-test\Console-ERRORLEVEL-test.csproj", "{3F1E1362-782A-42FC-A93A-ED1C0C3D8EB0}"
EndProject
Project("{FAE04EC0-301F-11D3-BF4B-00C04F79EFBC}") = "sgTest-Helper", "sgTest-Helper\sgTest-Helper.csproj", "{DF713266-3A88-4AFB-AC6F-22D5DA854DBE}"
EndProject
Project("{FAE04EC0-301F-11D3-BF4B-00C04F79EFBC}") = "PushMessage", "PushMessage\PushMessage.csproj", "{035C6559-33A6-43A6-ACAE-52D6A678A1D0}"
EndProject
Project("{FAE04EC0-301F-11D3-BF4B-00C04F79EFBC}") = "Serial_Control_LED", "Serial_Control_LED\Serial_Control_LED.csproj", "{48D3771F-A63D-4E90-8A0B-461CEC50B962}"
EndProject
Project("{FAE04EC0-301F-11D3-BF4B-00C04F79EFBC}") = "周纯投票", "周纯投票\周纯投票.csproj", "{7C515427-749A-4AB9-8F9C-689B2BCFC134}"
EndProject
Project("{FAE04EC0-301F-11D3-BF4B-00C04F79EFBC}") = "WeiXinRobot", "WeiXinRobot\WeiXinRobot.csproj", "{DCADFC5E-210C-483A-9790-0FE0524B35ED}"
EndProject
Project("{FAE04EC0-301F-11D3-BF4B-00C04F79EFBC}") = "AttendanceHelper", "AttendanceHelper\AttendanceHelper.csproj", "{8798F70D-123C-40C9-8186-D110501E4E2C}"
EndProject
Project("{FAE04EC0-301F-11D3-BF4B-00C04F79EFBC}") = "GetToken", "GetToken\GetToken.csproj", "{E3FA12CA-97D4-4FC7-8667-D71C5A101FF4}"
EndProject
Project("{FAE04EC0-301F-11D3-BF4B-00C04F79EFBC}") = "DES_Test", "DES_Test\DES_Test.csproj", "{388CA10E-39D4-48DE-8E45-775703197239}"
EndProject
Project("{FAE04EC0-301F-11D3-BF4B-00C04F79EFBC}") = "SendCloudMail", "SendCloudMail\SendCloudMail.csproj", "{FFF804E2-81A6-4CD9-B8FB-336315B3ABC2}"
EndProject
Project("{FAE04EC0-301F-11D3-BF4B-00C04F79EFBC}") = "AutoVote", "AutoVote\AutoVote.csproj", "{8336BDB1-A85C-4622-8157-E1CFEC09EE3F}"
EndProject
Project("{FAE04EC0-301F-11D3-BF4B-00C04F79EFBC}") = "汉字拼音首字母", "汉字拼音首字母\汉字拼音首字母.csproj", "{A03BB404-9C6E-4E8E-91CB-E50A3EB20A57}"
EndProject
Project("{FAE04EC0-301F-11D3-BF4B-00C04F79EFBC}") = "ComputerInfo", "ComputerInfo\ComputerInfo.csproj", "{864FDE5C-5044-4FD6-8997-F01F6B1003D2}"
EndProject
Project("{FAE04EC0-301F-11D3-BF4B-00C04F79EFBC}") = "远程桌面API", "远程桌面API\远程桌面API.csproj", "{88C8925A-4877-487A-A8ED-68B82253632F}"
EndProject
Project("{FAE04EC0-301F-11D3-BF4B-00C04F79EFBC}") = "远程桌面API2", "远程桌面API2\远程桌面API2.csproj", "{DF5ABB8B-96FE-494E-A780-80B587FF3F4C}"
EndProject
Project("{FAE04EC0-301F-11D3-BF4B-00C04F79EFBC}") = "WebRestartServer", "WebRestartServer\WebRestartServer.csproj", "{CAC0BCA7-FB53-42A5-B1F8-07D5FDB91C8D}"
EndProject
Project("{FAE04EC0-301F-11D3-BF4B-00C04F79EFBC}") = "命令行带参数启动", "命令行带参数启动\命令行带参数启动.csproj", "{1AC055CF-4FF6-42FA-ADB9-291B893A1B6E}"
EndProject
Project("{FAE04EC0-301F-11D3-BF4B-00C04F79EFBC}") = "ReadSystemInfo", "ReadSystemInfo\ReadSystemInfo.csproj", "{04E9AAB6-1E9F-46ED-8EB6-C0514BF391AA}"
EndProject
Project("{FAE04EC0-301F-11D3-BF4B-00C04F79EFBC}") = "解包", "解包\解包.csproj", "{4E7F09F0-DFF4-48F4-83A7-F389C50B358D}"
EndProject
Project("{FAE04EC0-301F-11D3-BF4B-00C04F79EFBC}") = "点名时间筹资监控", "点名时间筹资监控\点名时间筹资监控.csproj", "{1C7F9B5A-0DA5-4834-B8C0-899765C6D554}"
EndProject
Project("{FAE04EC0-301F-11D3-BF4B-00C04F79EFBC}") = "Qzone_Login", "Qzone_Login\Qzone_Login.csproj", "{DA03192F-EF52-4782-81E8-1D36F833E2DD}"
EndProject
Project("{FAE04EC0-301F-11D3-BF4B-00C04F79EFBC}") = "DemoHour_QuickBuy", "DemoHour_QuickBuy\DemoHour_QuickBuy.csproj", "{6D79A0A0-C0C7-49F7-95B1-769C7DEA3653}"
EndProject
Project("{FAE04EC0-301F-11D3-BF4B-00C04F79EFBC}") = "DemoHour_Register", "DemoHour_Register\DemoHour_Register.csproj", "{A4A5CFB0-23B5-4177-9776-244842433022}"
EndProject
Project("{FAE04EC0-301F-11D3-BF4B-00C04F79EFBC}") = "DemoHour_Favorite", "DemoHour_Favorite\DemoHour_Favorite.csproj", "{490685AE-40CB-498D-92B7-00BB8A5245F3}"
EndProject
Project("{FAE04EC0-301F-11D3-BF4B-00C04F79EFBC}") = "Thread_Test", "Thread_Test\Thread_Test.csproj", "{F0C4AC5C-70B4-4BDB-A27F-CECB41C79532}"
EndProject
Project("{FAE04EC0-301F-11D3-BF4B-00C04F79EFBC}") = "BuyTicket", "BuyTicket\BuyTicket.csproj", "{3FBE1F81-B627-4AD4-BF6D-314F5895EB9C}"
EndProject
Project("{FAE04EC0-301F-11D3-BF4B-00C04F79EFBC}") = "HttpListener_Test", "HttpListener_Test\HttpListener_Test.csproj", "{7CA7D381-FC78-4F0A-8388-F7D5AA9B0529}"
EndProject
Project("{FAE04EC0-301F-11D3-BF4B-00C04F79EFBC}") = "DemoHour_Message", "DemoHour_Message\DemoHour_Message.csproj", "{AEBD0429-BE0E-45D2-B40D-590904BE3BC3}"
EndProject
Project("{FAE04EC0-301F-11D3-BF4B-00C04F79EFBC}") = "DemoHour_SearchUser", "DemoHour_SearchUser\DemoHour_SearchUser.csproj", "{89CD933D-167C-4264-A913-D92577A2CFA3}"
EndProject
Project("{FAE04EC0-301F-11D3-BF4B-00C04F79EFBC}") = "并发测试", "并发测试\并发测试.csproj", "{2F4DC377-CEB7-4E7F-851C-5340C7D9BCBA}"
EndProject
Project("{FAE04EC0-301F-11D3-BF4B-00C04F79EFBC}") = "QDnews_Vote", "QDnews_Vote\QDnews_Vote.csproj", "{D7161544-748E-473B-BF5E-E8E4A8643619}"
EndProject
Project("{FAE04EC0-301F-11D3-BF4B-00C04F79EFBC}") = "DemoHour_Login", "DemoHour_Login\DemoHour_Login.csproj", "{C9596E2D-2DD7-4999-8BE2-C5D5D8550FC0}"
EndProject
Project("{FAE04EC0-301F-11D3-BF4B-00C04F79EFBC}") = "DZ抢楼机X3", "DZ抢楼机X3\DZ抢楼机X3.csproj", "{9AB89C9A-ADF7-4AA8-95D3-4C80E415E9D9}"
EndProject
Project("{FAE04EC0-301F-11D3-BF4B-00C04F79EFBC}") = "挂号", "挂号\挂号.csproj", "{D8C753B5-4384-4E17-8CA2-97B25C434F94}"
EndProject
Project("{FAE04EC0-301F-11D3-BF4B-00C04F79EFBC}") = "挂号_Form", "挂号_Form\挂号_Form.csproj", "{96BC0313-8883-4F08-9EF5-87AF7C20EEEE}"
EndProject
Global
	GlobalSection(SolutionConfigurationPlatforms) = preSolution
		Debug|Any CPU = Debug|Any CPU
		Debug|x86 = Debug|x86
		Release|Any CPU = Release|Any CPU
		Release|x86 = Release|x86
	EndGlobalSection
	GlobalSection(ProjectConfigurationPlatforms) = postSolution
		{019AD6A6-F729-4257-B825-340C1F660FDA}.Debug|Any CPU.ActiveCfg = Debug|Any CPU
		{019AD6A6-F729-4257-B825-340C1F660FDA}.Debug|Any CPU.Build.0 = Debug|Any CPU
		{019AD6A6-F729-4257-B825-340C1F660FDA}.Debug|x86.ActiveCfg = Debug|x86
		{019AD6A6-F729-4257-B825-340C1F660FDA}.Debug|x86.Build.0 = Debug|x86
		{019AD6A6-F729-4257-B825-340C1F660FDA}.Release|Any CPU.ActiveCfg = Release|Any CPU
		{019AD6A6-F729-4257-B825-340C1F660FDA}.Release|Any CPU.Build.0 = Release|Any CPU
		{019AD6A6-F729-4257-B825-340C1F660FDA}.Release|x86.ActiveCfg = Release|x86
		{019AD6A6-F729-4257-B825-340C1F660FDA}.Release|x86.Build.0 = Release|x86
		{A3B93DE0-397B-4521-B952-ECA59121D613}.Debug|Any CPU.ActiveCfg = Debug|Any CPU
		{A3B93DE0-397B-4521-B952-ECA59121D613}.Debug|Any CPU.Build.0 = Debug|Any CPU
		{A3B93DE0-397B-4521-B952-ECA59121D613}.Debug|x86.ActiveCfg = Debug|x86
		{A3B93DE0-397B-4521-B952-ECA59121D613}.Debug|x86.Build.0 = Debug|x86
		{A3B93DE0-397B-4521-B952-ECA59121D613}.Release|Any CPU.ActiveCfg = Release|Any CPU
		{A3B93DE0-397B-4521-B952-ECA59121D613}.Release|Any CPU.Build.0 = Release|Any CPU
		{A3B93DE0-397B-4521-B952-ECA59121D613}.Release|x86.ActiveCfg = Release|x86
		{A3B93DE0-397B-4521-B952-ECA59121D613}.Release|x86.Build.0 = Release|x86
		{9012E60A-F79F-4F0F-8AC4-692DB6ECE89C}.Debug|Any CPU.ActiveCfg = Debug|Any CPU
		{9012E60A-F79F-4F0F-8AC4-692DB6ECE89C}.Debug|Any CPU.Build.0 = Debug|Any CPU
		{9012E60A-F79F-4F0F-8AC4-692DB6ECE89C}.Debug|x86.ActiveCfg = Debug|x86
		{9012E60A-F79F-4F0F-8AC4-692DB6ECE89C}.Debug|x86.Build.0 = Debug|x86
		{9012E60A-F79F-4F0F-8AC4-692DB6ECE89C}.Release|Any CPU.ActiveCfg = Release|Any CPU
		{9012E60A-F79F-4F0F-8AC4-692DB6ECE89C}.Release|Any CPU.Build.0 = Release|Any CPU
		{9012E60A-F79F-4F0F-8AC4-692DB6ECE89C}.Release|x86.ActiveCfg = Release|x86
		{9012E60A-F79F-4F0F-8AC4-692DB6ECE89C}.Release|x86.Build.0 = Release|x86
		{17E80702-2C94-4280-976C-D79EDE6DB773}.Debug|Any CPU.ActiveCfg = Debug|Any CPU
		{17E80702-2C94-4280-976C-D79EDE6DB773}.Debug|Any CPU.Build.0 = Debug|Any CPU
		{17E80702-2C94-4280-976C-D79EDE6DB773}.Debug|x86.ActiveCfg = Debug|x86
		{17E80702-2C94-4280-976C-D79EDE6DB773}.Debug|x86.Build.0 = Debug|x86
		{17E80702-2C94-4280-976C-D79EDE6DB773}.Release|Any CPU.ActiveCfg = Release|Any CPU
		{17E80702-2C94-4280-976C-D79EDE6DB773}.Release|Any CPU.Build.0 = Release|Any CPU
		{17E80702-2C94-4280-976C-D79EDE6DB773}.Release|x86.ActiveCfg = Release|x86
		{17E80702-2C94-4280-976C-D79EDE6DB773}.Release|x86.Build.0 = Release|x86
		{F922BEC9-B80C-453B-B030-650EAB404422}.Debug|Any CPU.ActiveCfg = Debug|Any CPU
		{F922BEC9-B80C-453B-B030-650EAB404422}.Debug|Any CPU.Build.0 = Debug|Any CPU
		{F922BEC9-B80C-453B-B030-650EAB404422}.Debug|x86.ActiveCfg = Debug|x86
		{F922BEC9-B80C-453B-B030-650EAB404422}.Debug|x86.Build.0 = Debug|x86
		{F922BEC9-B80C-453B-B030-650EAB404422}.Release|Any CPU.ActiveCfg = Release|Any CPU
		{F922BEC9-B80C-453B-B030-650EAB404422}.Release|Any CPU.Build.0 = Release|Any CPU
		{F922BEC9-B80C-453B-B030-650EAB404422}.Release|x86.ActiveCfg = Release|x86
		{F922BEC9-B80C-453B-B030-650EAB404422}.Release|x86.Build.0 = Release|x86
		{DEDCF42D-D98F-4846-A011-17BF3BCF746C}.Debug|Any CPU.ActiveCfg = Debug|Any CPU
		{DEDCF42D-D98F-4846-A011-17BF3BCF746C}.Debug|Any CPU.Build.0 = Debug|Any CPU
		{DEDCF42D-D98F-4846-A011-17BF3BCF746C}.Debug|x86.ActiveCfg = Debug|x86
		{DEDCF42D-D98F-4846-A011-17BF3BCF746C}.Debug|x86.Build.0 = Debug|x86
		{DEDCF42D-D98F-4846-A011-17BF3BCF746C}.Release|Any CPU.ActiveCfg = Release|Any CPU
		{DEDCF42D-D98F-4846-A011-17BF3BCF746C}.Release|Any CPU.Build.0 = Release|Any CPU
		{DEDCF42D-D98F-4846-A011-17BF3BCF746C}.Release|x86.ActiveCfg = Release|x86
		{DEDCF42D-D98F-4846-A011-17BF3BCF746C}.Release|x86.Build.0 = Release|x86
		{418FECE6-2EC6-43AD-8CCD-79E4CF764B40}.Debug|Any CPU.ActiveCfg = Debug|Any CPU
		{418FECE6-2EC6-43AD-8CCD-79E4CF764B40}.Debug|Any CPU.Build.0 = Debug|Any CPU
		{418FECE6-2EC6-43AD-8CCD-79E4CF764B40}.Debug|x86.ActiveCfg = Debug|x86
		{418FECE6-2EC6-43AD-8CCD-79E4CF764B40}.Debug|x86.Build.0 = Debug|x86
		{418FECE6-2EC6-43AD-8CCD-79E4CF764B40}.Release|Any CPU.ActiveCfg = Release|Any CPU
		{418FECE6-2EC6-43AD-8CCD-79E4CF764B40}.Release|Any CPU.Build.0 = Release|Any CPU
		{418FECE6-2EC6-43AD-8CCD-79E4CF764B40}.Release|x86.ActiveCfg = Release|x86
		{418FECE6-2EC6-43AD-8CCD-79E4CF764B40}.Release|x86.Build.0 = Release|x86
		{1BA943E7-B441-4AEF-8E87-8FC5F47C15DE}.Debug|Any CPU.ActiveCfg = Debug|Any CPU
		{1BA943E7-B441-4AEF-8E87-8FC5F47C15DE}.Debug|Any CPU.Build.0 = Debug|Any CPU
		{1BA943E7-B441-4AEF-8E87-8FC5F47C15DE}.Debug|x86.ActiveCfg = Debug|x86
		{1BA943E7-B441-4AEF-8E87-8FC5F47C15DE}.Debug|x86.Build.0 = Debug|x86
		{1BA943E7-B441-4AEF-8E87-8FC5F47C15DE}.Release|Any CPU.ActiveCfg = Release|Any CPU
		{1BA943E7-B441-4AEF-8E87-8FC5F47C15DE}.Release|Any CPU.Build.0 = Release|Any CPU
		{1BA943E7-B441-4AEF-8E87-8FC5F47C15DE}.Release|x86.ActiveCfg = Release|x86
		{1BA943E7-B441-4AEF-8E87-8FC5F47C15DE}.Release|x86.Build.0 = Release|x86
		{A8162360-BCC1-4AA5-9A40-D4C6DA8A99A2}.Debug|Any CPU.ActiveCfg = Debug|Any CPU
		{A8162360-BCC1-4AA5-9A40-D4C6DA8A99A2}.Debug|Any CPU.Build.0 = Debug|Any CPU
		{A8162360-BCC1-4AA5-9A40-D4C6DA8A99A2}.Debug|x86.ActiveCfg = Debug|x86
		{A8162360-BCC1-4AA5-9A40-D4C6DA8A99A2}.Debug|x86.Build.0 = Debug|x86
		{A8162360-BCC1-4AA5-9A40-D4C6DA8A99A2}.Release|Any CPU.ActiveCfg = Release|Any CPU
		{A8162360-BCC1-4AA5-9A40-D4C6DA8A99A2}.Release|Any CPU.Build.0 = Release|Any CPU
		{A8162360-BCC1-4AA5-9A40-D4C6DA8A99A2}.Release|x86.ActiveCfg = Release|x86
		{A8162360-BCC1-4AA5-9A40-D4C6DA8A99A2}.Release|x86.Build.0 = Release|x86
		{B410F748-712A-47C7-9459-F7F7312A1B1B}.Debug|Any CPU.ActiveCfg = Debug|Any CPU
		{B410F748-712A-47C7-9459-F7F7312A1B1B}.Debug|Any CPU.Build.0 = Debug|Any CPU
		{B410F748-712A-47C7-9459-F7F7312A1B1B}.Debug|x86.ActiveCfg = Debug|x86
		{B410F748-712A-47C7-9459-F7F7312A1B1B}.Debug|x86.Build.0 = Debug|x86
		{B410F748-712A-47C7-9459-F7F7312A1B1B}.Release|Any CPU.ActiveCfg = Release|Any CPU
		{B410F748-712A-47C7-9459-F7F7312A1B1B}.Release|Any CPU.Build.0 = Release|Any CPU
		{B410F748-712A-47C7-9459-F7F7312A1B1B}.Release|x86.ActiveCfg = Release|x86
		{B410F748-712A-47C7-9459-F7F7312A1B1B}.Release|x86.Build.0 = Release|x86
		{695E662C-690E-41F0-ACE8-643151D3E33C}.Debug|Any CPU.ActiveCfg = Debug|Any CPU
		{695E662C-690E-41F0-ACE8-643151D3E33C}.Debug|Any CPU.Build.0 = Debug|Any CPU
		{695E662C-690E-41F0-ACE8-643151D3E33C}.Debug|x86.ActiveCfg = Debug|x86
		{695E662C-690E-41F0-ACE8-643151D3E33C}.Debug|x86.Build.0 = Debug|x86
		{695E662C-690E-41F0-ACE8-643151D3E33C}.Release|Any CPU.ActiveCfg = Release|Any CPU
		{695E662C-690E-41F0-ACE8-643151D3E33C}.Release|Any CPU.Build.0 = Release|Any CPU
		{695E662C-690E-41F0-ACE8-643151D3E33C}.Release|x86.ActiveCfg = Release|x86
		{695E662C-690E-41F0-ACE8-643151D3E33C}.Release|x86.Build.0 = Release|x86
		{E3B74119-FF6A-4E01-B2A1-AA6B76CB3BCF}.Debug|Any CPU.ActiveCfg = Debug|Any CPU
		{E3B74119-FF6A-4E01-B2A1-AA6B76CB3BCF}.Debug|Any CPU.Build.0 = Debug|Any CPU
		{E3B74119-FF6A-4E01-B2A1-AA6B76CB3BCF}.Debug|x86.ActiveCfg = Debug|x86
		{E3B74119-FF6A-4E01-B2A1-AA6B76CB3BCF}.Debug|x86.Build.0 = Debug|x86
		{E3B74119-FF6A-4E01-B2A1-AA6B76CB3BCF}.Release|Any CPU.ActiveCfg = Release|Any CPU
		{E3B74119-FF6A-4E01-B2A1-AA6B76CB3BCF}.Release|Any CPU.Build.0 = Release|Any CPU
		{E3B74119-FF6A-4E01-B2A1-AA6B76CB3BCF}.Release|x86.ActiveCfg = Release|x86
		{E3B74119-FF6A-4E01-B2A1-AA6B76CB3BCF}.Release|x86.Build.0 = Release|x86
		{DC23579B-07B1-40FB-9662-79506149BE27}.Debug|Any CPU.ActiveCfg = Debug|Any CPU
		{DC23579B-07B1-40FB-9662-79506149BE27}.Debug|Any CPU.Build.0 = Debug|Any CPU
		{DC23579B-07B1-40FB-9662-79506149BE27}.Debug|x86.ActiveCfg = Debug|x86
		{DC23579B-07B1-40FB-9662-79506149BE27}.Debug|x86.Build.0 = Debug|x86
		{DC23579B-07B1-40FB-9662-79506149BE27}.Release|Any CPU.ActiveCfg = Release|Any CPU
		{DC23579B-07B1-40FB-9662-79506149BE27}.Release|Any CPU.Build.0 = Release|Any CPU
		{DC23579B-07B1-40FB-9662-79506149BE27}.Release|x86.ActiveCfg = Release|x86
		{DC23579B-07B1-40FB-9662-79506149BE27}.Release|x86.Build.0 = Release|x86
		{47E7E86A-6691-462F-BE6E-4BBF969D1ABB}.Debug|Any CPU.ActiveCfg = Debug|Any CPU
		{47E7E86A-6691-462F-BE6E-4BBF969D1ABB}.Debug|Any CPU.Build.0 = Debug|Any CPU
		{47E7E86A-6691-462F-BE6E-4BBF969D1ABB}.Debug|x86.ActiveCfg = Debug|x86
		{47E7E86A-6691-462F-BE6E-4BBF969D1ABB}.Debug|x86.Build.0 = Debug|x86
		{47E7E86A-6691-462F-BE6E-4BBF969D1ABB}.Release|Any CPU.ActiveCfg = Release|Any CPU
		{47E7E86A-6691-462F-BE6E-4BBF969D1ABB}.Release|Any CPU.Build.0 = Release|Any CPU
		{47E7E86A-6691-462F-BE6E-4BBF969D1ABB}.Release|x86.ActiveCfg = Release|x86
		{47E7E86A-6691-462F-BE6E-4BBF969D1ABB}.Release|x86.Build.0 = Release|x86
		{A6506E4D-E3F1-4434-A7DD-23F3C3AD4C82}.Debug|Any CPU.ActiveCfg = Debug|Any CPU
		{A6506E4D-E3F1-4434-A7DD-23F3C3AD4C82}.Debug|Any CPU.Build.0 = Debug|Any CPU
		{A6506E4D-E3F1-4434-A7DD-23F3C3AD4C82}.Debug|x86.ActiveCfg = Debug|x86
		{A6506E4D-E3F1-4434-A7DD-23F3C3AD4C82}.Debug|x86.Build.0 = Debug|x86
		{A6506E4D-E3F1-4434-A7DD-23F3C3AD4C82}.Release|Any CPU.ActiveCfg = Release|Any CPU
		{A6506E4D-E3F1-4434-A7DD-23F3C3AD4C82}.Release|Any CPU.Build.0 = Release|Any CPU
		{A6506E4D-E3F1-4434-A7DD-23F3C3AD4C82}.Release|x86.ActiveCfg = Release|x86
		{A6506E4D-E3F1-4434-A7DD-23F3C3AD4C82}.Release|x86.Build.0 = Release|x86
		{40F8ADA4-DA9A-43A7-A439-CF4F8E75108A}.Debug|Any CPU.ActiveCfg = Debug|Any CPU
		{40F8ADA4-DA9A-43A7-A439-CF4F8E75108A}.Debug|Any CPU.Build.0 = Debug|Any CPU
		{40F8ADA4-DA9A-43A7-A439-CF4F8E75108A}.Debug|x86.ActiveCfg = Debug|x86
		{40F8ADA4-DA9A-43A7-A439-CF4F8E75108A}.Debug|x86.Build.0 = Debug|x86
		{40F8ADA4-DA9A-43A7-A439-CF4F8E75108A}.Release|Any CPU.ActiveCfg = Release|Any CPU
		{40F8ADA4-DA9A-43A7-A439-CF4F8E75108A}.Release|Any CPU.Build.0 = Release|Any CPU
		{40F8ADA4-DA9A-43A7-A439-CF4F8E75108A}.Release|x86.ActiveCfg = Release|x86
		{40F8ADA4-DA9A-43A7-A439-CF4F8E75108A}.Release|x86.Build.0 = Release|x86
		{03B4A5A7-5979-4641-9EFD-D2D145B3F289}.Debug|Any CPU.ActiveCfg = Debug|Any CPU
		{03B4A5A7-5979-4641-9EFD-D2D145B3F289}.Debug|Any CPU.Build.0 = Debug|Any CPU
		{03B4A5A7-5979-4641-9EFD-D2D145B3F289}.Debug|x86.ActiveCfg = Debug|x86
		{03B4A5A7-5979-4641-9EFD-D2D145B3F289}.Debug|x86.Build.0 = Debug|x86
		{03B4A5A7-5979-4641-9EFD-D2D145B3F289}.Release|Any CPU.ActiveCfg = Release|Any CPU
		{03B4A5A7-5979-4641-9EFD-D2D145B3F289}.Release|Any CPU.Build.0 = Release|Any CPU
		{03B4A5A7-5979-4641-9EFD-D2D145B3F289}.Release|x86.ActiveCfg = Release|x86
		{03B4A5A7-5979-4641-9EFD-D2D145B3F289}.Release|x86.Build.0 = Release|x86
		{F9480E21-97A2-4DD8-B257-F96ED477B6D6}.Debug|Any CPU.ActiveCfg = Debug|Any CPU
		{F9480E21-97A2-4DD8-B257-F96ED477B6D6}.Debug|Any CPU.Build.0 = Debug|Any CPU
		{F9480E21-97A2-4DD8-B257-F96ED477B6D6}.Debug|x86.ActiveCfg = Debug|x86
		{F9480E21-97A2-4DD8-B257-F96ED477B6D6}.Debug|x86.Build.0 = Debug|x86
		{F9480E21-97A2-4DD8-B257-F96ED477B6D6}.Release|Any CPU.ActiveCfg = Release|Any CPU
		{F9480E21-97A2-4DD8-B257-F96ED477B6D6}.Release|Any CPU.Build.0 = Release|Any CPU
		{F9480E21-97A2-4DD8-B257-F96ED477B6D6}.Release|x86.ActiveCfg = Release|x86
		{F9480E21-97A2-4DD8-B257-F96ED477B6D6}.Release|x86.Build.0 = Release|x86
		{622C970D-1B01-41EB-BF65-A970F599F32C}.Debug|Any CPU.ActiveCfg = Debug|Any CPU
		{622C970D-1B01-41EB-BF65-A970F599F32C}.Debug|Any CPU.Build.0 = Debug|Any CPU
		{622C970D-1B01-41EB-BF65-A970F599F32C}.Debug|x86.ActiveCfg = Debug|x86
		{622C970D-1B01-41EB-BF65-A970F599F32C}.Debug|x86.Build.0 = Debug|x86
		{622C970D-1B01-41EB-BF65-A970F599F32C}.Release|Any CPU.ActiveCfg = Release|Any CPU
		{622C970D-1B01-41EB-BF65-A970F599F32C}.Release|Any CPU.Build.0 = Release|Any CPU
		{622C970D-1B01-41EB-BF65-A970F599F32C}.Release|x86.ActiveCfg = Release|x86
		{622C970D-1B01-41EB-BF65-A970F599F32C}.Release|x86.Build.0 = Release|x86
		{A291320E-EA31-4532-B50F-CA09E4728982}.Debug|Any CPU.ActiveCfg = Debug|Any CPU
		{A291320E-EA31-4532-B50F-CA09E4728982}.Debug|Any CPU.Build.0 = Debug|Any CPU
		{A291320E-EA31-4532-B50F-CA09E4728982}.Debug|x86.ActiveCfg = Debug|x86
		{A291320E-EA31-4532-B50F-CA09E4728982}.Debug|x86.Build.0 = Debug|x86
		{A291320E-EA31-4532-B50F-CA09E4728982}.Release|Any CPU.ActiveCfg = Release|Any CPU
		{A291320E-EA31-4532-B50F-CA09E4728982}.Release|Any CPU.Build.0 = Release|Any CPU
		{A291320E-EA31-4532-B50F-CA09E4728982}.Release|x86.ActiveCfg = Release|x86
		{A291320E-EA31-4532-B50F-CA09E4728982}.Release|x86.Build.0 = Release|x86
		{AEA255EB-220C-4B99-AF72-1D8AB975CD51}.Debug|Any CPU.ActiveCfg = Debug|Any CPU
		{AEA255EB-220C-4B99-AF72-1D8AB975CD51}.Debug|Any CPU.Build.0 = Debug|Any CPU
		{AEA255EB-220C-4B99-AF72-1D8AB975CD51}.Debug|x86.ActiveCfg = Debug|x86
		{AEA255EB-220C-4B99-AF72-1D8AB975CD51}.Debug|x86.Build.0 = Debug|x86
		{AEA255EB-220C-4B99-AF72-1D8AB975CD51}.Release|Any CPU.ActiveCfg = Release|Any CPU
		{AEA255EB-220C-4B99-AF72-1D8AB975CD51}.Release|Any CPU.Build.0 = Release|Any CPU
		{AEA255EB-220C-4B99-AF72-1D8AB975CD51}.Release|x86.ActiveCfg = Release|x86
		{AEA255EB-220C-4B99-AF72-1D8AB975CD51}.Release|x86.Build.0 = Release|x86
		{38C26471-CB3F-4582-9622-386E76F0247C}.Debug|Any CPU.ActiveCfg = Debug|Any CPU
		{38C26471-CB3F-4582-9622-386E76F0247C}.Debug|Any CPU.Build.0 = Debug|Any CPU
		{38C26471-CB3F-4582-9622-386E76F0247C}.Debug|x86.ActiveCfg = Debug|x86
		{38C26471-CB3F-4582-9622-386E76F0247C}.Debug|x86.Build.0 = Debug|x86
		{38C26471-CB3F-4582-9622-386E76F0247C}.Release|Any CPU.ActiveCfg = Release|Any CPU
		{38C26471-CB3F-4582-9622-386E76F0247C}.Release|Any CPU.Build.0 = Release|Any CPU
		{38C26471-CB3F-4582-9622-386E76F0247C}.Release|x86.ActiveCfg = Release|x86
		{38C26471-CB3F-4582-9622-386E76F0247C}.Release|x86.Build.0 = Release|x86
		{FE9425BE-36A7-4066-9195-71381579AF35}.Debug|Any CPU.ActiveCfg = Debug|Any CPU
		{FE9425BE-36A7-4066-9195-71381579AF35}.Debug|Any CPU.Build.0 = Debug|Any CPU
		{FE9425BE-36A7-4066-9195-71381579AF35}.Debug|x86.ActiveCfg = Debug|x86
		{FE9425BE-36A7-4066-9195-71381579AF35}.Debug|x86.Build.0 = Debug|x86
		{FE9425BE-36A7-4066-9195-71381579AF35}.Release|Any CPU.ActiveCfg = Release|Any CPU
		{FE9425BE-36A7-4066-9195-71381579AF35}.Release|Any CPU.Build.0 = Release|Any CPU
		{FE9425BE-36A7-4066-9195-71381579AF35}.Release|x86.ActiveCfg = Release|x86
		{FE9425BE-36A7-4066-9195-71381579AF35}.Release|x86.Build.0 = Release|x86
		{09934297-398B-4B24-AE26-E92E68AAB85A}.Debug|Any CPU.ActiveCfg = Debug|Any CPU
		{09934297-398B-4B24-AE26-E92E68AAB85A}.Debug|Any CPU.Build.0 = Debug|Any CPU
		{09934297-398B-4B24-AE26-E92E68AAB85A}.Debug|x86.ActiveCfg = Debug|x86
		{09934297-398B-4B24-AE26-E92E68AAB85A}.Debug|x86.Build.0 = Debug|x86
		{09934297-398B-4B24-AE26-E92E68AAB85A}.Release|Any CPU.ActiveCfg = Release|Any CPU
		{09934297-398B-4B24-AE26-E92E68AAB85A}.Release|Any CPU.Build.0 = Release|Any CPU
		{09934297-398B-4B24-AE26-E92E68AAB85A}.Release|x86.ActiveCfg = Release|x86
		{09934297-398B-4B24-AE26-E92E68AAB85A}.Release|x86.Build.0 = Release|x86
		{9BC3085F-75A2-427A-9B1D-49AD18A3B622}.Debug|Any CPU.ActiveCfg = Debug|Any CPU
		{9BC3085F-75A2-427A-9B1D-49AD18A3B622}.Debug|Any CPU.Build.0 = Debug|Any CPU
		{9BC3085F-75A2-427A-9B1D-49AD18A3B622}.Debug|x86.ActiveCfg = Debug|x86
		{9BC3085F-75A2-427A-9B1D-49AD18A3B622}.Debug|x86.Build.0 = Debug|x86
		{9BC3085F-75A2-427A-9B1D-49AD18A3B622}.Release|Any CPU.ActiveCfg = Release|Any CPU
		{9BC3085F-75A2-427A-9B1D-49AD18A3B622}.Release|Any CPU.Build.0 = Release|Any CPU
		{9BC3085F-75A2-427A-9B1D-49AD18A3B622}.Release|x86.ActiveCfg = Release|x86
		{9BC3085F-75A2-427A-9B1D-49AD18A3B622}.Release|x86.Build.0 = Release|x86
		{9B9C8A1A-6713-43AE-A85B-D6A7B3C8BFB7}.Debug|Any CPU.ActiveCfg = Debug|Any CPU
		{9B9C8A1A-6713-43AE-A85B-D6A7B3C8BFB7}.Debug|Any CPU.Build.0 = Debug|Any CPU
		{9B9C8A1A-6713-43AE-A85B-D6A7B3C8BFB7}.Debug|x86.ActiveCfg = Debug|x86
		{9B9C8A1A-6713-43AE-A85B-D6A7B3C8BFB7}.Debug|x86.Build.0 = Debug|x86
		{9B9C8A1A-6713-43AE-A85B-D6A7B3C8BFB7}.Release|Any CPU.ActiveCfg = Release|Any CPU
		{9B9C8A1A-6713-43AE-A85B-D6A7B3C8BFB7}.Release|Any CPU.Build.0 = Release|Any CPU
		{9B9C8A1A-6713-43AE-A85B-D6A7B3C8BFB7}.Release|x86.ActiveCfg = Release|x86
		{9B9C8A1A-6713-43AE-A85B-D6A7B3C8BFB7}.Release|x86.Build.0 = Release|x86
		{812F810D-F417-48DE-A044-A25D235204FE}.Debug|Any CPU.ActiveCfg = Debug|Any CPU
		{812F810D-F417-48DE-A044-A25D235204FE}.Debug|Any CPU.Build.0 = Debug|Any CPU
		{812F810D-F417-48DE-A044-A25D235204FE}.Debug|x86.ActiveCfg = Debug|x86
		{812F810D-F417-48DE-A044-A25D235204FE}.Debug|x86.Build.0 = Debug|x86
		{812F810D-F417-48DE-A044-A25D235204FE}.Release|Any CPU.ActiveCfg = Release|Any CPU
		{812F810D-F417-48DE-A044-A25D235204FE}.Release|Any CPU.Build.0 = Release|Any CPU
		{812F810D-F417-48DE-A044-A25D235204FE}.Release|x86.ActiveCfg = Release|x86
		{812F810D-F417-48DE-A044-A25D235204FE}.Release|x86.Build.0 = Release|x86
		{3F1E1362-782A-42FC-A93A-ED1C0C3D8EB0}.Debug|Any CPU.ActiveCfg = Debug|Any CPU
		{3F1E1362-782A-42FC-A93A-ED1C0C3D8EB0}.Debug|Any CPU.Build.0 = Debug|Any CPU
		{3F1E1362-782A-42FC-A93A-ED1C0C3D8EB0}.Debug|x86.ActiveCfg = Debug|x86
		{3F1E1362-782A-42FC-A93A-ED1C0C3D8EB0}.Debug|x86.Build.0 = Debug|x86
		{3F1E1362-782A-42FC-A93A-ED1C0C3D8EB0}.Release|Any CPU.ActiveCfg = Release|Any CPU
		{3F1E1362-782A-42FC-A93A-ED1C0C3D8EB0}.Release|Any CPU.Build.0 = Release|Any CPU
		{3F1E1362-782A-42FC-A93A-ED1C0C3D8EB0}.Release|x86.ActiveCfg = Release|x86
		{3F1E1362-782A-42FC-A93A-ED1C0C3D8EB0}.Release|x86.Build.0 = Release|x86
		{DF713266-3A88-4AFB-AC6F-22D5DA854DBE}.Debug|Any CPU.ActiveCfg = Debug|Any CPU
		{DF713266-3A88-4AFB-AC6F-22D5DA854DBE}.Debug|Any CPU.Build.0 = Debug|Any CPU
		{DF713266-3A88-4AFB-AC6F-22D5DA854DBE}.Debug|x86.ActiveCfg = Debug|x86
		{DF713266-3A88-4AFB-AC6F-22D5DA854DBE}.Debug|x86.Build.0 = Debug|x86
		{DF713266-3A88-4AFB-AC6F-22D5DA854DBE}.Release|Any CPU.ActiveCfg = Release|Any CPU
		{DF713266-3A88-4AFB-AC6F-22D5DA854DBE}.Release|Any CPU.Build.0 = Release|Any CPU
		{DF713266-3A88-4AFB-AC6F-22D5DA854DBE}.Release|x86.ActiveCfg = Release|x86
		{DF713266-3A88-4AFB-AC6F-22D5DA854DBE}.Release|x86.Build.0 = Release|x86
		{035C6559-33A6-43A6-ACAE-52D6A678A1D0}.Debug|Any CPU.ActiveCfg = Debug|Any CPU
		{035C6559-33A6-43A6-ACAE-52D6A678A1D0}.Debug|Any CPU.Build.0 = Debug|Any CPU
		{035C6559-33A6-43A6-ACAE-52D6A678A1D0}.Debug|x86.ActiveCfg = Debug|x86
		{035C6559-33A6-43A6-ACAE-52D6A678A1D0}.Debug|x86.Build.0 = Debug|x86
		{035C6559-33A6-43A6-ACAE-52D6A678A1D0}.Release|Any CPU.ActiveCfg = Release|Any CPU
		{035C6559-33A6-43A6-ACAE-52D6A678A1D0}.Release|Any CPU.Build.0 = Release|Any CPU
		{035C6559-33A6-43A6-ACAE-52D6A678A1D0}.Release|x86.ActiveCfg = Release|x86
		{035C6559-33A6-43A6-ACAE-52D6A678A1D0}.Release|x86.Build.0 = Release|x86
		{48D3771F-A63D-4E90-8A0B-461CEC50B962}.Debug|Any CPU.ActiveCfg = Debug|Any CPU
		{48D3771F-A63D-4E90-8A0B-461CEC50B962}.Debug|Any CPU.Build.0 = Debug|Any CPU
		{48D3771F-A63D-4E90-8A0B-461CEC50B962}.Debug|x86.ActiveCfg = Debug|x86
		{48D3771F-A63D-4E90-8A0B-461CEC50B962}.Debug|x86.Build.0 = Debug|x86
		{48D3771F-A63D-4E90-8A0B-461CEC50B962}.Release|Any CPU.ActiveCfg = Release|Any CPU
		{48D3771F-A63D-4E90-8A0B-461CEC50B962}.Release|Any CPU.Build.0 = Release|Any CPU
		{48D3771F-A63D-4E90-8A0B-461CEC50B962}.Release|x86.ActiveCfg = Release|x86
		{48D3771F-A63D-4E90-8A0B-461CEC50B962}.Release|x86.Build.0 = Release|x86
		{7C515427-749A-4AB9-8F9C-689B2BCFC134}.Debug|Any CPU.ActiveCfg = Debug|Any CPU
		{7C515427-749A-4AB9-8F9C-689B2BCFC134}.Debug|Any CPU.Build.0 = Debug|Any CPU
		{7C515427-749A-4AB9-8F9C-689B2BCFC134}.Debug|x86.ActiveCfg = Debug|x86
		{7C515427-749A-4AB9-8F9C-689B2BCFC134}.Debug|x86.Build.0 = Debug|x86
		{7C515427-749A-4AB9-8F9C-689B2BCFC134}.Release|Any CPU.ActiveCfg = Release|Any CPU
		{7C515427-749A-4AB9-8F9C-689B2BCFC134}.Release|Any CPU.Build.0 = Release|Any CPU
		{7C515427-749A-4AB9-8F9C-689B2BCFC134}.Release|x86.ActiveCfg = Release|x86
		{7C515427-749A-4AB9-8F9C-689B2BCFC134}.Release|x86.Build.0 = Release|x86
		{DCADFC5E-210C-483A-9790-0FE0524B35ED}.Debug|Any CPU.ActiveCfg = Debug|Any CPU
		{DCADFC5E-210C-483A-9790-0FE0524B35ED}.Debug|Any CPU.Build.0 = Debug|Any CPU
		{DCADFC5E-210C-483A-9790-0FE0524B35ED}.Debug|x86.ActiveCfg = Debug|x86
		{DCADFC5E-210C-483A-9790-0FE0524B35ED}.Debug|x86.Build.0 = Debug|x86
		{DCADFC5E-210C-483A-9790-0FE0524B35ED}.Release|Any CPU.ActiveCfg = Release|Any CPU
		{DCADFC5E-210C-483A-9790-0FE0524B35ED}.Release|Any CPU.Build.0 = Release|Any CPU
		{DCADFC5E-210C-483A-9790-0FE0524B35ED}.Release|x86.ActiveCfg = Release|x86
		{DCADFC5E-210C-483A-9790-0FE0524B35ED}.Release|x86.Build.0 = Release|x86
		{8798F70D-123C-40C9-8186-D110501E4E2C}.Debug|Any CPU.ActiveCfg = Debug|Any CPU
		{8798F70D-123C-40C9-8186-D110501E4E2C}.Debug|Any CPU.Build.0 = Debug|Any CPU
		{8798F70D-123C-40C9-8186-D110501E4E2C}.Debug|x86.ActiveCfg = Debug|x86
		{8798F70D-123C-40C9-8186-D110501E4E2C}.Debug|x86.Build.0 = Debug|x86
		{8798F70D-123C-40C9-8186-D110501E4E2C}.Release|Any CPU.ActiveCfg = Release|Any CPU
		{8798F70D-123C-40C9-8186-D110501E4E2C}.Release|Any CPU.Build.0 = Release|Any CPU
		{8798F70D-123C-40C9-8186-D110501E4E2C}.Release|x86.ActiveCfg = Release|x86
		{8798F70D-123C-40C9-8186-D110501E4E2C}.Release|x86.Build.0 = Release|x86
		{E3FA12CA-97D4-4FC7-8667-D71C5A101FF4}.Debug|Any CPU.ActiveCfg = Debug|Any CPU
		{E3FA12CA-97D4-4FC7-8667-D71C5A101FF4}.Debug|Any CPU.Build.0 = Debug|Any CPU
		{E3FA12CA-97D4-4FC7-8667-D71C5A101FF4}.Debug|x86.ActiveCfg = Debug|x86
		{E3FA12CA-97D4-4FC7-8667-D71C5A101FF4}.Debug|x86.Build.0 = Debug|x86
		{E3FA12CA-97D4-4FC7-8667-D71C5A101FF4}.Release|Any CPU.ActiveCfg = Release|Any CPU
		{E3FA12CA-97D4-4FC7-8667-D71C5A101FF4}.Release|Any CPU.Build.0 = Release|Any CPU
		{E3FA12CA-97D4-4FC7-8667-D71C5A101FF4}.Release|x86.ActiveCfg = Release|x86
		{E3FA12CA-97D4-4FC7-8667-D71C5A101FF4}.Release|x86.Build.0 = Release|x86
		{388CA10E-39D4-48DE-8E45-775703197239}.Debug|Any CPU.ActiveCfg = Debug|Any CPU
		{388CA10E-39D4-48DE-8E45-775703197239}.Debug|Any CPU.Build.0 = Debug|Any CPU
		{388CA10E-39D4-48DE-8E45-775703197239}.Debug|x86.ActiveCfg = Debug|x86
		{388CA10E-39D4-48DE-8E45-775703197239}.Debug|x86.Build.0 = Debug|x86
		{388CA10E-39D4-48DE-8E45-775703197239}.Release|Any CPU.ActiveCfg = Release|Any CPU
		{388CA10E-39D4-48DE-8E45-775703197239}.Release|Any CPU.Build.0 = Release|Any CPU
		{388CA10E-39D4-48DE-8E45-775703197239}.Release|x86.ActiveCfg = Release|x86
		{388CA10E-39D4-48DE-8E45-775703197239}.Release|x86.Build.0 = Release|x86
		{FFF804E2-81A6-4CD9-B8FB-336315B3ABC2}.Debug|Any CPU.ActiveCfg = Debug|Any CPU
		{FFF804E2-81A6-4CD9-B8FB-336315B3ABC2}.Debug|Any CPU.Build.0 = Debug|Any CPU
		{FFF804E2-81A6-4CD9-B8FB-336315B3ABC2}.Debug|x86.ActiveCfg = Debug|x86
		{FFF804E2-81A6-4CD9-B8FB-336315B3ABC2}.Debug|x86.Build.0 = Debug|x86
		{FFF804E2-81A6-4CD9-B8FB-336315B3ABC2}.Release|Any CPU.ActiveCfg = Release|Any CPU
		{FFF804E2-81A6-4CD9-B8FB-336315B3ABC2}.Release|Any CPU.Build.0 = Release|Any CPU
		{FFF804E2-81A6-4CD9-B8FB-336315B3ABC2}.Release|x86.ActiveCfg = Release|x86
		{FFF804E2-81A6-4CD9-B8FB-336315B3ABC2}.Release|x86.Build.0 = Release|x86
		{8336BDB1-A85C-4622-8157-E1CFEC09EE3F}.Debug|Any CPU.ActiveCfg = Debug|Any CPU
		{8336BDB1-A85C-4622-8157-E1CFEC09EE3F}.Debug|Any CPU.Build.0 = Debug|Any CPU
		{8336BDB1-A85C-4622-8157-E1CFEC09EE3F}.Debug|x86.ActiveCfg = Debug|x86
		{8336BDB1-A85C-4622-8157-E1CFEC09EE3F}.Debug|x86.Build.0 = Debug|x86
		{8336BDB1-A85C-4622-8157-E1CFEC09EE3F}.Release|Any CPU.ActiveCfg = Release|x86
		{8336BDB1-A85C-4622-8157-E1CFEC09EE3F}.Release|Any CPU.Build.0 = Release|x86
		{8336BDB1-A85C-4622-8157-E1CFEC09EE3F}.Release|x86.ActiveCfg = Release|x86
		{8336BDB1-A85C-4622-8157-E1CFEC09EE3F}.Release|x86.Build.0 = Release|x86
		{A03BB404-9C6E-4E8E-91CB-E50A3EB20A57}.Debug|Any CPU.ActiveCfg = Debug|Any CPU
		{A03BB404-9C6E-4E8E-91CB-E50A3EB20A57}.Debug|Any CPU.Build.0 = Debug|Any CPU
		{A03BB404-9C6E-4E8E-91CB-E50A3EB20A57}.Debug|x86.ActiveCfg = Debug|Any CPU
		{A03BB404-9C6E-4E8E-91CB-E50A3EB20A57}.Release|Any CPU.ActiveCfg = Release|Any CPU
		{A03BB404-9C6E-4E8E-91CB-E50A3EB20A57}.Release|Any CPU.Build.0 = Release|Any CPU
		{A03BB404-9C6E-4E8E-91CB-E50A3EB20A57}.Release|x86.ActiveCfg = Release|Any CPU
		{864FDE5C-5044-4FD6-8997-F01F6B1003D2}.Debug|Any CPU.ActiveCfg = Debug|Any CPU
		{864FDE5C-5044-4FD6-8997-F01F6B1003D2}.Debug|Any CPU.Build.0 = Debug|Any CPU
		{864FDE5C-5044-4FD6-8997-F01F6B1003D2}.Debug|x86.ActiveCfg = Debug|Any CPU
		{864FDE5C-5044-4FD6-8997-F01F6B1003D2}.Release|Any CPU.ActiveCfg = Release|Any CPU
		{864FDE5C-5044-4FD6-8997-F01F6B1003D2}.Release|Any CPU.Build.0 = Release|Any CPU
		{864FDE5C-5044-4FD6-8997-F01F6B1003D2}.Release|x86.ActiveCfg = Release|Any CPU
		{88C8925A-4877-487A-A8ED-68B82253632F}.Debug|Any CPU.ActiveCfg = Debug|Any CPU
		{88C8925A-4877-487A-A8ED-68B82253632F}.Debug|Any CPU.Build.0 = Debug|Any CPU
		{88C8925A-4877-487A-A8ED-68B82253632F}.Debug|x86.ActiveCfg = Debug|Any CPU
		{88C8925A-4877-487A-A8ED-68B82253632F}.Release|Any CPU.ActiveCfg = Release|Any CPU
		{88C8925A-4877-487A-A8ED-68B82253632F}.Release|Any CPU.Build.0 = Release|Any CPU
		{88C8925A-4877-487A-A8ED-68B82253632F}.Release|x86.ActiveCfg = Release|Any CPU
		{DF5ABB8B-96FE-494E-A780-80B587FF3F4C}.Debug|Any CPU.ActiveCfg = Debug|Any CPU
		{DF5ABB8B-96FE-494E-A780-80B587FF3F4C}.Debug|Any CPU.Build.0 = Debug|Any CPU
		{DF5ABB8B-96FE-494E-A780-80B587FF3F4C}.Debug|x86.ActiveCfg = Debug|Any CPU
		{DF5ABB8B-96FE-494E-A780-80B587FF3F4C}.Release|Any CPU.ActiveCfg = Release|Any CPU
		{DF5ABB8B-96FE-494E-A780-80B587FF3F4C}.Release|Any CPU.Build.0 = Release|Any CPU
		{DF5ABB8B-96FE-494E-A780-80B587FF3F4C}.Release|x86.ActiveCfg = Release|Any CPU
		{CAC0BCA7-FB53-42A5-B1F8-07D5FDB91C8D}.Debug|Any CPU.ActiveCfg = Debug|Any CPU
		{CAC0BCA7-FB53-42A5-B1F8-07D5FDB91C8D}.Debug|Any CPU.Build.0 = Debug|Any CPU
		{CAC0BCA7-FB53-42A5-B1F8-07D5FDB91C8D}.Debug|x86.ActiveCfg = Debug|Any CPU
		{CAC0BCA7-FB53-42A5-B1F8-07D5FDB91C8D}.Release|Any CPU.ActiveCfg = Release|Any CPU
		{CAC0BCA7-FB53-42A5-B1F8-07D5FDB91C8D}.Release|Any CPU.Build.0 = Release|Any CPU
		{CAC0BCA7-FB53-42A5-B1F8-07D5FDB91C8D}.Release|x86.ActiveCfg = Release|Any CPU
		{1AC055CF-4FF6-42FA-ADB9-291B893A1B6E}.Debug|Any CPU.ActiveCfg = Debug|Any CPU
		{1AC055CF-4FF6-42FA-ADB9-291B893A1B6E}.Debug|Any CPU.Build.0 = Debug|Any CPU
		{1AC055CF-4FF6-42FA-ADB9-291B893A1B6E}.Debug|x86.ActiveCfg = Debug|Any CPU
		{1AC055CF-4FF6-42FA-ADB9-291B893A1B6E}.Release|Any CPU.ActiveCfg = Release|Any CPU
		{1AC055CF-4FF6-42FA-ADB9-291B893A1B6E}.Release|Any CPU.Build.0 = Release|Any CPU
		{1AC055CF-4FF6-42FA-ADB9-291B893A1B6E}.Release|x86.ActiveCfg = Release|Any CPU
		{04E9AAB6-1E9F-46ED-8EB6-C0514BF391AA}.Debug|Any CPU.ActiveCfg = Debug|Any CPU
		{04E9AAB6-1E9F-46ED-8EB6-C0514BF391AA}.Debug|Any CPU.Build.0 = Debug|Any CPU
		{04E9AAB6-1E9F-46ED-8EB6-C0514BF391AA}.Debug|x86.ActiveCfg = Debug|Any CPU
		{04E9AAB6-1E9F-46ED-8EB6-C0514BF391AA}.Release|Any CPU.ActiveCfg = Release|Any CPU
		{04E9AAB6-1E9F-46ED-8EB6-C0514BF391AA}.Release|Any CPU.Build.0 = Release|Any CPU
		{04E9AAB6-1E9F-46ED-8EB6-C0514BF391AA}.Release|x86.ActiveCfg = Release|Any CPU
		{4E7F09F0-DFF4-48F4-83A7-F389C50B358D}.Debug|Any CPU.ActiveCfg = Debug|Any CPU
		{4E7F09F0-DFF4-48F4-83A7-F389C50B358D}.Debug|Any CPU.Build.0 = Debug|Any CPU
		{4E7F09F0-DFF4-48F4-83A7-F389C50B358D}.Debug|x86.ActiveCfg = Debug|Any CPU
		{4E7F09F0-DFF4-48F4-83A7-F389C50B358D}.Release|Any CPU.ActiveCfg = Release|Any CPU
		{4E7F09F0-DFF4-48F4-83A7-F389C50B358D}.Release|Any CPU.Build.0 = Release|Any CPU
		{4E7F09F0-DFF4-48F4-83A7-F389C50B358D}.Release|x86.ActiveCfg = Release|Any CPU
		{1C7F9B5A-0DA5-4834-B8C0-899765C6D554}.Debug|Any CPU.ActiveCfg = Debug|Any CPU
		{1C7F9B5A-0DA5-4834-B8C0-899765C6D554}.Debug|Any CPU.Build.0 = Debug|Any CPU
		{1C7F9B5A-0DA5-4834-B8C0-899765C6D554}.Debug|x86.ActiveCfg = Debug|Any CPU
		{1C7F9B5A-0DA5-4834-B8C0-899765C6D554}.Release|Any CPU.ActiveCfg = Release|Any CPU
		{1C7F9B5A-0DA5-4834-B8C0-899765C6D554}.Release|Any CPU.Build.0 = Release|Any CPU
		{1C7F9B5A-0DA5-4834-B8C0-899765C6D554}.Release|x86.ActiveCfg = Release|Any CPU
		{DA03192F-EF52-4782-81E8-1D36F833E2DD}.Debug|Any CPU.ActiveCfg = Debug|Any CPU
		{DA03192F-EF52-4782-81E8-1D36F833E2DD}.Debug|Any CPU.Build.0 = Debug|Any CPU
		{DA03192F-EF52-4782-81E8-1D36F833E2DD}.Debug|x86.ActiveCfg = Debug|Any CPU
		{DA03192F-EF52-4782-81E8-1D36F833E2DD}.Release|Any CPU.ActiveCfg = Release|Any CPU
		{DA03192F-EF52-4782-81E8-1D36F833E2DD}.Release|Any CPU.Build.0 = Release|Any CPU
		{DA03192F-EF52-4782-81E8-1D36F833E2DD}.Release|x86.ActiveCfg = Release|Any CPU
		{6D79A0A0-C0C7-49F7-95B1-769C7DEA3653}.Debug|Any CPU.ActiveCfg = Debug|Any CPU
		{6D79A0A0-C0C7-49F7-95B1-769C7DEA3653}.Debug|Any CPU.Build.0 = Debug|Any CPU
		{6D79A0A0-C0C7-49F7-95B1-769C7DEA3653}.Debug|x86.ActiveCfg = Debug|Any CPU
		{6D79A0A0-C0C7-49F7-95B1-769C7DEA3653}.Release|Any CPU.ActiveCfg = Release|Any CPU
		{6D79A0A0-C0C7-49F7-95B1-769C7DEA3653}.Release|Any CPU.Build.0 = Release|Any CPU
		{6D79A0A0-C0C7-49F7-95B1-769C7DEA3653}.Release|x86.ActiveCfg = Release|Any CPU
		{A4A5CFB0-23B5-4177-9776-244842433022}.Debug|Any CPU.ActiveCfg = Debug|Any CPU
		{A4A5CFB0-23B5-4177-9776-244842433022}.Debug|Any CPU.Build.0 = Debug|Any CPU
		{A4A5CFB0-23B5-4177-9776-244842433022}.Debug|x86.ActiveCfg = Debug|Any CPU
		{A4A5CFB0-23B5-4177-9776-244842433022}.Release|Any CPU.ActiveCfg = Release|Any CPU
		{A4A5CFB0-23B5-4177-9776-244842433022}.Release|Any CPU.Build.0 = Release|Any CPU
		{A4A5CFB0-23B5-4177-9776-244842433022}.Release|x86.ActiveCfg = Release|Any CPU
		{490685AE-40CB-498D-92B7-00BB8A5245F3}.Debug|Any CPU.ActiveCfg = Debug|Any CPU
		{490685AE-40CB-498D-92B7-00BB8A5245F3}.Debug|Any CPU.Build.0 = Debug|Any CPU
		{490685AE-40CB-498D-92B7-00BB8A5245F3}.Debug|x86.ActiveCfg = Debug|Any CPU
		{490685AE-40CB-498D-92B7-00BB8A5245F3}.Release|Any CPU.ActiveCfg = Release|Any CPU
		{490685AE-40CB-498D-92B7-00BB8A5245F3}.Release|Any CPU.Build.0 = Release|Any CPU
		{490685AE-40CB-498D-92B7-00BB8A5245F3}.Release|x86.ActiveCfg = Release|Any CPU
		{F0C4AC5C-70B4-4BDB-A27F-CECB41C79532}.Debug|Any CPU.ActiveCfg = Debug|Any CPU
		{F0C4AC5C-70B4-4BDB-A27F-CECB41C79532}.Debug|Any CPU.Build.0 = Debug|Any CPU
		{F0C4AC5C-70B4-4BDB-A27F-CECB41C79532}.Debug|x86.ActiveCfg = Debug|Any CPU
		{F0C4AC5C-70B4-4BDB-A27F-CECB41C79532}.Release|Any CPU.ActiveCfg = Release|Any CPU
		{F0C4AC5C-70B4-4BDB-A27F-CECB41C79532}.Release|Any CPU.Build.0 = Release|Any CPU
		{F0C4AC5C-70B4-4BDB-A27F-CECB41C79532}.Release|x86.ActiveCfg = Release|Any CPU
		{3FBE1F81-B627-4AD4-BF6D-314F5895EB9C}.Debug|Any CPU.ActiveCfg = Debug|Any CPU
		{3FBE1F81-B627-4AD4-BF6D-314F5895EB9C}.Debug|Any CPU.Build.0 = Debug|Any CPU
		{3FBE1F81-B627-4AD4-BF6D-314F5895EB9C}.Debug|x86.ActiveCfg = Debug|Any CPU
		{3FBE1F81-B627-4AD4-BF6D-314F5895EB9C}.Release|Any CPU.ActiveCfg = Release|Any CPU
		{3FBE1F81-B627-4AD4-BF6D-314F5895EB9C}.Release|Any CPU.Build.0 = Release|Any CPU
		{3FBE1F81-B627-4AD4-BF6D-314F5895EB9C}.Release|x86.ActiveCfg = Release|Any CPU
		{7CA7D381-FC78-4F0A-8388-F7D5AA9B0529}.Debug|Any CPU.ActiveCfg = Debug|Any CPU
		{7CA7D381-FC78-4F0A-8388-F7D5AA9B0529}.Debug|Any CPU.Build.0 = Debug|Any CPU
		{7CA7D381-FC78-4F0A-8388-F7D5AA9B0529}.Debug|x86.ActiveCfg = Debug|Any CPU
		{7CA7D381-FC78-4F0A-8388-F7D5AA9B0529}.Release|Any CPU.ActiveCfg = Release|Any CPU
		{7CA7D381-FC78-4F0A-8388-F7D5AA9B0529}.Release|Any CPU.Build.0 = Release|Any CPU
		{7CA7D381-FC78-4F0A-8388-F7D5AA9B0529}.Release|x86.ActiveCfg = Release|Any CPU
		{AEBD0429-BE0E-45D2-B40D-590904BE3BC3}.Debug|Any CPU.ActiveCfg = Debug|Any CPU
		{AEBD0429-BE0E-45D2-B40D-590904BE3BC3}.Debug|Any CPU.Build.0 = Debug|Any CPU
		{AEBD0429-BE0E-45D2-B40D-590904BE3BC3}.Debug|x86.ActiveCfg = Debug|Any CPU
		{AEBD0429-BE0E-45D2-B40D-590904BE3BC3}.Release|Any CPU.ActiveCfg = Release|Any CPU
		{AEBD0429-BE0E-45D2-B40D-590904BE3BC3}.Release|Any CPU.Build.0 = Release|Any CPU
		{AEBD0429-BE0E-45D2-B40D-590904BE3BC3}.Release|x86.ActiveCfg = Release|Any CPU
		{89CD933D-167C-4264-A913-D92577A2CFA3}.Debug|Any CPU.ActiveCfg = Debug|Any CPU
		{89CD933D-167C-4264-A913-D92577A2CFA3}.Debug|Any CPU.Build.0 = Debug|Any CPU
		{89CD933D-167C-4264-A913-D92577A2CFA3}.Debug|x86.ActiveCfg = Debug|Any CPU
		{89CD933D-167C-4264-A913-D92577A2CFA3}.Release|Any CPU.ActiveCfg = Release|Any CPU
		{89CD933D-167C-4264-A913-D92577A2CFA3}.Release|Any CPU.Build.0 = Release|Any CPU
		{89CD933D-167C-4264-A913-D92577A2CFA3}.Release|x86.ActiveCfg = Release|Any CPU
		{2F4DC377-CEB7-4E7F-851C-5340C7D9BCBA}.Debug|Any CPU.ActiveCfg = Debug|Any CPU
		{2F4DC377-CEB7-4E7F-851C-5340C7D9BCBA}.Debug|Any CPU.Build.0 = Debug|Any CPU
		{2F4DC377-CEB7-4E7F-851C-5340C7D9BCBA}.Debug|x86.ActiveCfg = Debug|Any CPU
		{2F4DC377-CEB7-4E7F-851C-5340C7D9BCBA}.Release|Any CPU.ActiveCfg = Release|Any CPU
		{2F4DC377-CEB7-4E7F-851C-5340C7D9BCBA}.Release|Any CPU.Build.0 = Release|Any CPU
		{2F4DC377-CEB7-4E7F-851C-5340C7D9BCBA}.Release|x86.ActiveCfg = Release|Any CPU
		{D7161544-748E-473B-BF5E-E8E4A8643619}.Debug|Any CPU.ActiveCfg = Debug|Any CPU
		{D7161544-748E-473B-BF5E-E8E4A8643619}.Debug|Any CPU.Build.0 = Debug|Any CPU
		{D7161544-748E-473B-BF5E-E8E4A8643619}.Debug|x86.ActiveCfg = Debug|Any CPU
		{D7161544-748E-473B-BF5E-E8E4A8643619}.Release|Any CPU.ActiveCfg = Release|Any CPU
		{D7161544-748E-473B-BF5E-E8E4A8643619}.Release|Any CPU.Build.0 = Release|Any CPU
		{D7161544-748E-473B-BF5E-E8E4A8643619}.Release|x86.ActiveCfg = Release|Any CPU
		{C9596E2D-2DD7-4999-8BE2-C5D5D8550FC0}.Debug|Any CPU.ActiveCfg = Debug|Any CPU
		{C9596E2D-2DD7-4999-8BE2-C5D5D8550FC0}.Debug|Any CPU.Build.0 = Debug|Any CPU
		{C9596E2D-2DD7-4999-8BE2-C5D5D8550FC0}.Debug|x86.ActiveCfg = Debug|Any CPU
		{C9596E2D-2DD7-4999-8BE2-C5D5D8550FC0}.Release|Any CPU.ActiveCfg = Release|Any CPU
		{C9596E2D-2DD7-4999-8BE2-C5D5D8550FC0}.Release|Any CPU.Build.0 = Release|Any CPU
		{C9596E2D-2DD7-4999-8BE2-C5D5D8550FC0}.Release|x86.ActiveCfg = Release|Any CPU
		{9AB89C9A-ADF7-4AA8-95D3-4C80E415E9D9}.Debug|Any CPU.ActiveCfg = Debug|Any CPU
		{9AB89C9A-ADF7-4AA8-95D3-4C80E415E9D9}.Debug|Any CPU.Build.0 = Debug|Any CPU
		{9AB89C9A-ADF7-4AA8-95D3-4C80E415E9D9}.Debug|x86.ActiveCfg = Debug|Any CPU
		{9AB89C9A-ADF7-4AA8-95D3-4C80E415E9D9}.Release|Any CPU.ActiveCfg = Release|Any CPU
		{9AB89C9A-ADF7-4AA8-95D3-4C80E415E9D9}.Release|Any CPU.Build.0 = Release|Any CPU
		{9AB89C9A-ADF7-4AA8-95D3-4C80E415E9D9}.Release|x86.ActiveCfg = Release|Any CPU
		{D8C753B5-4384-4E17-8CA2-97B25C434F94}.Debug|Any CPU.ActiveCfg = Debug|Any CPU
		{D8C753B5-4384-4E17-8CA2-97B25C434F94}.Debug|Any CPU.Build.0 = Debug|Any CPU
		{D8C753B5-4384-4E17-8CA2-97B25C434F94}.Debug|x86.ActiveCfg = Debug|Any CPU
		{D8C753B5-4384-4E17-8CA2-97B25C434F94}.Release|Any CPU.ActiveCfg = Release|Any CPU
		{D8C753B5-4384-4E17-8CA2-97B25C434F94}.Release|Any CPU.Build.0 = Release|Any CPU
		{D8C753B5-4384-4E17-8CA2-97B25C434F94}.Release|x86.ActiveCfg = Release|Any CPU
		{96BC0313-8883-4F08-9EF5-87AF7C20EEEE}.Debug|Any CPU.ActiveCfg = Debug|Any CPU
		{96BC0313-8883-4F08-9EF5-87AF7C20EEEE}.Debug|Any CPU.Build.0 = Debug|Any CPU
		{96BC0313-8883-4F08-9EF5-87AF7C20EEEE}.Debug|x86.ActiveCfg = Debug|Any CPU
		{96BC0313-8883-4F08-9EF5-87AF7C20EEEE}.Release|Any CPU.ActiveCfg = Release|Any CPU
		{96BC0313-8883-4F08-9EF5-87AF7C20EEEE}.Release|Any CPU.Build.0 = Release|Any CPU
		{96BC0313-8883-4F08-9EF5-87AF7C20EEEE}.Release|x86.ActiveCfg = Release|Any CPU
	EndGlobalSection
	GlobalSection(SolutionProperties) = preSolution
		HideSolutionNode = FALSE
	EndGlobalSection
EndGlobal
