
Microsoft Visual Studio Solution File, Format Version 9.00
# Visual Studio 2005
Project("{FAE04EC0-301F-11D3-BF4B-00C04F79EFBC}") = "FxLibrary", "FxLibrary\FxLibrary.csproj", "{597CAB2E-3BA1-4BFC-8736-80E37A91E5FB}"
EndProject
Global
	GlobalSection(SolutionConfigurationPlatforms) = preSolution
		Debug|Any CPU = Debug|Any CPU
		Release|Any CPU = Release|Any CPU
	EndGlobalSection
	GlobalSection(ProjectConfigurationPlatforms) = postSolution
		{597CAB2E-3BA1-4BFC-8736-80E37A91E5FB}.Debug|Any CPU.ActiveCfg = Debug|Any CPU
		{597CAB2E-3BA1-4BFC-8736-80E37A91E5FB}.Debug|Any CPU.Build.0 = Debug|Any CPU
		{597CAB2E-3BA1-4BFC-8736-80E37A91E5FB}.Release|Any CPU.ActiveCfg = Release|Any CPU
		{597CAB2E-3BA1-4BFC-8736-80E37A91E5FB}.Release|Any CPU.Build.0 = Release|Any CPU
	EndGlobalSection
	GlobalSection(SolutionProperties) = preSolution
		HideSolutionNode = FALSE
	EndGlobalSection
EndGlobal
