
Microsoft Visual Studio Solution File, Format Version 10.00
# Visual Studio 2008
Project("{FAE04EC0-301F-11D3-BF4B-00C04F79EFBC}") = "DataCenter_Game", "DataCenter\DataCenter_Game.csproj", "{45F70F12-7027-4D3B-B9CB-D01768B58DC5}"
EndProject
Project("{FAE04EC0-301F-11D3-BF4B-00C04F79EFBC}") = "DataCenter_Main", "DataCenter_Main\DataCenter_Main.csproj", "{435C77BE-BEF1-448C-8BF8-778187F45191}"
EndProject
Project("{FAE04EC0-301F-11D3-BF4B-00C04F79EFBC}") = "DataCenter_Client", "DataCenter_Client\DataCenter_Client.csproj", "{68430466-C9B6-417A-9D91-8DA13E3D179E}"
	ProjectSection(ProjectDependencies) = postProject
		{45F70F12-7027-4D3B-B9CB-D01768B58DC5} = {45F70F12-7027-4D3B-B9CB-D01768B58DC5}
		{435C77BE-BEF1-448C-8BF8-778187F45191} = {435C77BE-BEF1-448C-8BF8-778187F45191}
	EndProjectSection
EndProject
Global
	GlobalSection(SolutionConfigurationPlatforms) = preSolution
		Debug|Any CPU = Debug|Any CPU
		Release|Any CPU = Release|Any CPU
	EndGlobalSection
	GlobalSection(ProjectConfigurationPlatforms) = postSolution
		{45F70F12-7027-4D3B-B9CB-D01768B58DC5}.Debug|Any CPU.ActiveCfg = Debug|Any CPU
		{45F70F12-7027-4D3B-B9CB-D01768B58DC5}.Debug|Any CPU.Build.0 = Debug|Any CPU
		{45F70F12-7027-4D3B-B9CB-D01768B58DC5}.Release|Any CPU.ActiveCfg = Release|Any CPU
		{45F70F12-7027-4D3B-B9CB-D01768B58DC5}.Release|Any CPU.Build.0 = Release|Any CPU
		{435C77BE-BEF1-448C-8BF8-778187F45191}.Debug|Any CPU.ActiveCfg = Debug|Any CPU
		{435C77BE-BEF1-448C-8BF8-778187F45191}.Debug|Any CPU.Build.0 = Debug|Any CPU
		{435C77BE-BEF1-448C-8BF8-778187F45191}.Release|Any CPU.ActiveCfg = Release|Any CPU
		{435C77BE-BEF1-448C-8BF8-778187F45191}.Release|Any CPU.Build.0 = Release|Any CPU
		{68430466-C9B6-417A-9D91-8DA13E3D179E}.Debug|Any CPU.ActiveCfg = Debug|Any CPU
		{68430466-C9B6-417A-9D91-8DA13E3D179E}.Debug|Any CPU.Build.0 = Debug|Any CPU
		{68430466-C9B6-417A-9D91-8DA13E3D179E}.Release|Any CPU.ActiveCfg = Release|Any CPU
		{68430466-C9B6-417A-9D91-8DA13E3D179E}.Release|Any CPU.Build.0 = Release|Any CPU
	EndGlobalSection
	GlobalSection(SolutionProperties) = preSolution
		HideSolutionNode = FALSE
	EndGlobalSection
EndGlobal
