
Microsoft Visual Studio Solution File, Format Version 9.00
# Visual Studio 2005
Project("{FAE04EC0-301F-11D3-BF4B-00C04F79EFBC}") = "XiaoNeiLogin", "XiaoNeiLogin\XiaoNeiLogin.csproj", "{01FA4450-89B6-403C-8B47-01B0606B759A}"
EndProject
Project("{FAE04EC0-301F-11D3-BF4B-00C04F79EFBC}") = "XiaoNeiLogin_C", "XiaoNeiLogin_C\XiaoNeiLogin_C.csproj", "{EE81402B-7B91-457D-9C64-5E07175E0875}"
EndProject
Global
	GlobalSection(SolutionConfigurationPlatforms) = preSolution
		Debug|Any CPU = Debug|Any CPU
		Release|Any CPU = Release|Any CPU
	EndGlobalSection
	GlobalSection(ProjectConfigurationPlatforms) = postSolution
		{01FA4450-89B6-403C-8B47-01B0606B759A}.Debug|Any CPU.ActiveCfg = Debug|Any CPU
		{01FA4450-89B6-403C-8B47-01B0606B759A}.Debug|Any CPU.Build.0 = Debug|Any CPU
		{01FA4450-89B6-403C-8B47-01B0606B759A}.Release|Any CPU.ActiveCfg = Release|Any CPU
		{01FA4450-89B6-403C-8B47-01B0606B759A}.Release|Any CPU.Build.0 = Release|Any CPU
		{EE81402B-7B91-457D-9C64-5E07175E0875}.Debug|Any CPU.ActiveCfg = Debug|Any CPU
		{EE81402B-7B91-457D-9C64-5E07175E0875}.Debug|Any CPU.Build.0 = Debug|Any CPU
		{EE81402B-7B91-457D-9C64-5E07175E0875}.Release|Any CPU.ActiveCfg = Release|Any CPU
		{EE81402B-7B91-457D-9C64-5E07175E0875}.Release|Any CPU.Build.0 = Release|Any CPU
	EndGlobalSection
	GlobalSection(SolutionProperties) = preSolution
		HideSolutionNode = FALSE
	EndGlobalSection
EndGlobal
