
Microsoft Visual Studio Solution File, Format Version 9.00
# Visual Studio 2005
Project("{FAE04EC0-301F-11D3-BF4B-00C04F79EFBC}") = "BDBBS_SendMessage", "BDBBS_SendMessage\BDBBS_SendMessage.csproj", "{4CE8360D-4A36-46A5-BA13-646234E52B03}"
EndProject
Global
	GlobalSection(SolutionConfigurationPlatforms) = preSolution
		Debug|Any CPU = Debug|Any CPU
		Release|Any CPU = Release|Any CPU
	EndGlobalSection
	GlobalSection(ProjectConfigurationPlatforms) = postSolution
		{4CE8360D-4A36-46A5-BA13-646234E52B03}.Debug|Any CPU.ActiveCfg = Debug|Any CPU
		{4CE8360D-4A36-46A5-BA13-646234E52B03}.Debug|Any CPU.Build.0 = Debug|Any CPU
		{4CE8360D-4A36-46A5-BA13-646234E52B03}.Release|Any CPU.ActiveCfg = Release|Any CPU
		{4CE8360D-4A36-46A5-BA13-646234E52B03}.Release|Any CPU.Build.0 = Release|Any CPU
	EndGlobalSection
	GlobalSection(SolutionProperties) = preSolution
		HideSolutionNode = FALSE
	EndGlobalSection
EndGlobal
